
Microsoft Visual Studio Solution File, Format Version 12.00
# Visual Studio Version 17
VisualStudioVersion = 17.7.34221.43
MinimumVisualStudioVersion = 10.0.40219.1
Project("{9A19103F-16F7-4668-BE54-9A1E7A4F7556}") = "VitalFitAppWeb", "VitalFitAppWeb\VitalFitAppWeb.csproj", "{7B810A22-7CA2-49E5-B55D-28C57FC67A32}"
EndProject
Global
	GlobalSection(SolutionConfigurationPlatforms) = preSolution
		Debug|Any CPU = Debug|Any CPU
		Release|Any CPU = Release|Any CPU
	EndGlobalSection
	GlobalSection(ProjectConfigurationPlatforms) = postSolution
		{7B810A22-7CA2-49E5-B55D-28C57FC67A32}.Debug|Any CPU.ActiveCfg = Debug|Any CPU
		{7B810A22-7CA2-49E5-B55D-28C57FC67A32}.Debug|Any CPU.Build.0 = Debug|Any CPU
		{7B810A22-7CA2-49E5-B55D-28C57FC67A32}.Release|Any CPU.ActiveCfg = Release|Any CPU
		{7B810A22-7CA2-49E5-B55D-28C57FC67A32}.Release|Any CPU.Build.0 = Release|Any CPU
	EndGlobalSection
	GlobalSection(SolutionProperties) = preSolution
		HideSolutionNode = FALSE
	EndGlobalSection
	GlobalSection(ExtensibilityGlobals) = postSolution
		SolutionGuid = {E856556B-51E7-4967-B8A3-F46CF857125F}
	EndGlobalSection
EndGlobal
